
Microsoft Visual Studio Solution File, Format Version 12.00
# Visual Studio Version 16
VisualStudioVersion = 16.0.28803.156
MinimumVisualStudioVersion = 10.0.40219.1
Project("{888888A0-9F3D-457C-B088-3A5042F75D52}") = "Klienti", "Klienti\Klienti.pyproj", "{3769A6E7-EAA9-464E-9F10-BA622F3D3FCE}"
EndProject
Global
	GlobalSection(SolutionConfigurationPlatforms) = preSolution
		Debug|Any CPU = Debug|Any CPU
		Release|Any CPU = Release|Any CPU
	EndGlobalSection
	GlobalSection(ProjectConfigurationPlatforms) = postSolution
		{3769A6E7-EAA9-464E-9F10-BA622F3D3FCE}.Debug|Any CPU.ActiveCfg = Debug|Any CPU
		{3769A6E7-EAA9-464E-9F10-BA622F3D3FCE}.Release|Any CPU.ActiveCfg = Release|Any CPU
	EndGlobalSection
	GlobalSection(SolutionProperties) = preSolution
		HideSolutionNode = FALSE
	EndGlobalSection
	GlobalSection(ExtensibilityGlobals) = postSolution
		SolutionGuid = {D3F42CF7-3216-4EE9-9F77-6C76C3E40AF3}
	EndGlobalSection
EndGlobal
