
Microsoft Visual Studio Solution File, Format Version 12.00
# Visual Studio Version 16
VisualStudioVersion = 16.0.28803.156
MinimumVisualStudioVersion = 10.0.40219.1
Project("{888888A0-9F3D-457C-B088-3A5042F75D52}") = "Serveri", "Serveri\Serveri.pyproj", "{2CA9B622-1B6A-4EE7-AB10-6D837DE59894}"
EndProject
Global
	GlobalSection(SolutionConfigurationPlatforms) = preSolution
		Debug|Any CPU = Debug|Any CPU
		Release|Any CPU = Release|Any CPU
	EndGlobalSection
	GlobalSection(ProjectConfigurationPlatforms) = postSolution
		{2CA9B622-1B6A-4EE7-AB10-6D837DE59894}.Debug|Any CPU.ActiveCfg = Debug|Any CPU
		{2CA9B622-1B6A-4EE7-AB10-6D837DE59894}.Release|Any CPU.ActiveCfg = Release|Any CPU
	EndGlobalSection
	GlobalSection(SolutionProperties) = preSolution
		HideSolutionNode = FALSE
	EndGlobalSection
	GlobalSection(ExtensibilityGlobals) = postSolution
		SolutionGuid = {1623EF68-021C-4730-8747-C3F5675A4835}
	EndGlobalSection
EndGlobal
